// !$*UTF8*$!
{
	archiveVersion = 1;
	classes = {
	};
	objectVersion = 50;
	objects = {

/* Begin PBXBuildFile section */
		11352E9FE6BBACE8D5877626 /* Pods_BaseApp.framework in Frameworks */ = {isa = PBXBuildFile; fileRef = 683A67B2E9B593CFF3109A2B /* Pods_BaseApp.framework */; };
		2C54AEE623963CCDD2EA402C /* Pods_BaseAppUITests.framework in Frameworks */ = {isa = PBXBuildFile; fileRef = 27E7FADEDA2CFFD4A468BE72 /* Pods_BaseAppUITests.framework */; };
		4E96DC62073D828DE4128062 /* Pods_BaseAppTests.framework in Frameworks */ = {isa = PBXBuildFile; fileRef = A6B2B3F06007BE8C4486EB98 /* Pods_BaseAppTests.framework */; };
		A35F1D3D210DD7E5009318EE /* TextField.swift in Sources */ = {isa = PBXBuildFile; fileRef = A35F1D3C210DD7E5009318EE /* TextField.swift */; };
		A35F1D3E210DD7E5009318EE /* TextField.swift in Sources */ = {isa = PBXBuildFile; fileRef = A35F1D3C210DD7E5009318EE /* TextField.swift */; };
		A35F1D3F210DD7E5009318EE /* TextField.swift in Sources */ = {isa = PBXBuildFile; fileRef = A35F1D3C210DD7E5009318EE /* TextField.swift */; };
		A35F1D41210DD7F2009318EE /* Button.swift in Sources */ = {isa = PBXBuildFile; fileRef = A35F1D40210DD7F2009318EE /* Button.swift */; };
		A35F1D42210DD7F2009318EE /* Button.swift in Sources */ = {isa = PBXBuildFile; fileRef = A35F1D40210DD7F2009318EE /* Button.swift */; };
		A35F1D43210DD7F2009318EE /* Button.swift in Sources */ = {isa = PBXBuildFile; fileRef = A35F1D40210DD7F2009318EE /* Button.swift */; };
		A35F1D45210DD801009318EE /* Label.swift in Sources */ = {isa = PBXBuildFile; fileRef = A35F1D44210DD801009318EE /* Label.swift */; };
		A35F1D46210DD801009318EE /* Label.swift in Sources */ = {isa = PBXBuildFile; fileRef = A35F1D44210DD801009318EE /* Label.swift */; };
		A35F1D47210DD801009318EE /* Label.swift in Sources */ = {isa = PBXBuildFile; fileRef = A35F1D44210DD801009318EE /* Label.swift */; };
		A35F1D49210DD80B009318EE /* Icon.swift in Sources */ = {isa = PBXBuildFile; fileRef = A35F1D48210DD80B009318EE /* Icon.swift */; };
		A35F1D4A210DD80B009318EE /* Icon.swift in Sources */ = {isa = PBXBuildFile; fileRef = A35F1D48210DD80B009318EE /* Icon.swift */; };
		A35F1D4B210DD80B009318EE /* Icon.swift in Sources */ = {isa = PBXBuildFile; fileRef = A35F1D48210DD80B009318EE /* Icon.swift */; };
		A35F1D4D210DD816009318EE /* PicView.swift in Sources */ = {isa = PBXBuildFile; fileRef = A35F1D4C210DD816009318EE /* PicView.swift */; };
		A35F1D4E210DD816009318EE /* PicView.swift in Sources */ = {isa = PBXBuildFile; fileRef = A35F1D4C210DD816009318EE /* PicView.swift */; };
		A35F1D4F210DD816009318EE /* PicView.swift in Sources */ = {isa = PBXBuildFile; fileRef = A35F1D4C210DD816009318EE /* PicView.swift */; };
		A35F1D51210DD822009318EE /* TextView.swift in Sources */ = {isa = PBXBuildFile; fileRef = A35F1D50210DD822009318EE /* TextView.swift */; };
		A35F1D52210DD822009318EE /* TextView.swift in Sources */ = {isa = PBXBuildFile; fileRef = A35F1D50210DD822009318EE /* TextView.swift */; };
		A35F1D53210DD822009318EE /* TextView.swift in Sources */ = {isa = PBXBuildFile; fileRef = A35F1D50210DD822009318EE /* TextView.swift */; };
		A38D8189210B09E2007559B8 /* AppDelegate.swift in Sources */ = {isa = PBXBuildFile; fileRef = A38D8188210B09E2007559B8 /* AppDelegate.swift */; };
		A38D818E210B09E2007559B8 /* Main.storyboard in Resources */ = {isa = PBXBuildFile; fileRef = A38D818C210B09E2007559B8 /* Main.storyboard */; };
		A38D8190210B09E8007559B8 /* Assets.xcassets in Resources */ = {isa = PBXBuildFile; fileRef = A38D818F210B09E8007559B8 /* Assets.xcassets */; };
		A38D8193210B09E8007559B8 /* LaunchScreen.storyboard in Resources */ = {isa = PBXBuildFile; fileRef = A38D8191210B09E8007559B8 /* LaunchScreen.storyboard */; };
		A38D819E210B09E8007559B8 /* BaseAppTests.swift in Sources */ = {isa = PBXBuildFile; fileRef = A38D819D210B09E8007559B8 /* BaseAppTests.swift */; };
		A38D81A9210B09E8007559B8 /* BaseAppUITests.swift in Sources */ = {isa = PBXBuildFile; fileRef = A38D81A8210B09E8007559B8 /* BaseAppUITests.swift */; };
		A3A1CADA210DD1C300AC105D /* AuthFlow.storyboard in Resources */ = {isa = PBXBuildFile; fileRef = A3A1CAD9210DD1C300AC105D /* AuthFlow.storyboard */; };
		A3A1CADB210DD1C300AC105D /* AuthFlow.storyboard in Resources */ = {isa = PBXBuildFile; fileRef = A3A1CAD9210DD1C300AC105D /* AuthFlow.storyboard */; };
		A3A1CAE1210DD5B300AC105D /* Screen.swift in Sources */ = {isa = PBXBuildFile; fileRef = A3A1CAE0210DD5B300AC105D /* Screen.swift */; };
		A3A1CAE2210DD5B300AC105D /* Screen.swift in Sources */ = {isa = PBXBuildFile; fileRef = A3A1CAE0210DD5B300AC105D /* Screen.swift */; };
		A3A1CAE3210DD5B300AC105D /* Screen.swift in Sources */ = {isa = PBXBuildFile; fileRef = A3A1CAE0210DD5B300AC105D /* Screen.swift */; };
		A3A1CAE6210DD5F300AC105D /* LoginScreen.swift in Sources */ = {isa = PBXBuildFile; fileRef = A3A1CAE5210DD5F300AC105D /* LoginScreen.swift */; };
		A3A1CAE7210DD5F300AC105D /* LoginScreen.swift in Sources */ = {isa = PBXBuildFile; fileRef = A3A1CAE5210DD5F300AC105D /* LoginScreen.swift */; };
		A3A1CAE8210DD5F300AC105D /* LoginScreen.swift in Sources */ = {isa = PBXBuildFile; fileRef = A3A1CAE5210DD5F300AC105D /* LoginScreen.swift */; };
		A3B31E1A210E5324005160B7 /* ScrollView.swift in Sources */ = {isa = PBXBuildFile; fileRef = A3B31E19210E5323005160B7 /* ScrollView.swift */; };
		A3B31E1B210E5324005160B7 /* ScrollView.swift in Sources */ = {isa = PBXBuildFile; fileRef = A3B31E19210E5323005160B7 /* ScrollView.swift */; };
		A3B31E1C210E5324005160B7 /* ScrollView.swift in Sources */ = {isa = PBXBuildFile; fileRef = A3B31E19210E5323005160B7 /* ScrollView.swift */; };
/* End PBXBuildFile section */

/* Begin PBXContainerItemProxy section */
		A38D819A210B09E8007559B8 /* PBXContainerItemProxy */ = {
			isa = PBXContainerItemProxy;
			containerPortal = A38D817D210B09E2007559B8 /* Project object */;
			proxyType = 1;
			remoteGlobalIDString = A38D8184210B09E2007559B8;
			remoteInfo = BaseApp;
		};
		A38D81A5210B09E8007559B8 /* PBXContainerItemProxy */ = {
			isa = PBXContainerItemProxy;
			containerPortal = A38D817D210B09E2007559B8 /* Project object */;
			proxyType = 1;
			remoteGlobalIDString = A38D8184210B09E2007559B8;
			remoteInfo = BaseApp;
		};
/* End PBXContainerItemProxy section */

/* Begin PBXFileReference section */
		1A8CEC0FB42879F918657301 /* Pods-BaseAppUITests.debug.xcconfig */ = {isa = PBXFileReference; includeInIndex = 1; lastKnownFileType = text.xcconfig; name = "Pods-BaseAppUITests.debug.xcconfig"; path = "Pods/Target Support Files/Pods-BaseAppUITests/Pods-BaseAppUITests.debug.xcconfig"; sourceTree = "<group>"; };
		1BDE973D0C260CEA31A7B183 /* Pods-BaseAppTests.debug.xcconfig */ = {isa = PBXFileReference; includeInIndex = 1; lastKnownFileType = text.xcconfig; name = "Pods-BaseAppTests.debug.xcconfig"; path = "Pods/Target Support Files/Pods-BaseAppTests/Pods-BaseAppTests.debug.xcconfig"; sourceTree = "<group>"; };
		22FFDDB08B881847CC6C2329 /* Pods-BaseApp.release.xcconfig */ = {isa = PBXFileReference; includeInIndex = 1; lastKnownFileType = text.xcconfig; name = "Pods-BaseApp.release.xcconfig"; path = "Pods/Target Support Files/Pods-BaseApp/Pods-BaseApp.release.xcconfig"; sourceTree = "<group>"; };
		27E7FADEDA2CFFD4A468BE72 /* Pods_BaseAppUITests.framework */ = {isa = PBXFileReference; explicitFileType = wrapper.framework; includeInIndex = 0; path = Pods_BaseAppUITests.framework; sourceTree = BUILT_PRODUCTS_DIR; };
		4926D8CBD1BBC4C3BFD52054 /* Pods-BaseAppUITests.release.xcconfig */ = {isa = PBXFileReference; includeInIndex = 1; lastKnownFileType = text.xcconfig; name = "Pods-BaseAppUITests.release.xcconfig"; path = "Pods/Target Support Files/Pods-BaseAppUITests/Pods-BaseAppUITests.release.xcconfig"; sourceTree = "<group>"; };
		683A67B2E9B593CFF3109A2B /* Pods_BaseApp.framework */ = {isa = PBXFileReference; explicitFileType = wrapper.framework; includeInIndex = 0; path = Pods_BaseApp.framework; sourceTree = BUILT_PRODUCTS_DIR; };
		69AC21ADE3A46FC5D21045C0 /* Pods-BaseAppTests.release.xcconfig */ = {isa = PBXFileReference; includeInIndex = 1; lastKnownFileType = text.xcconfig; name = "Pods-BaseAppTests.release.xcconfig"; path = "Pods/Target Support Files/Pods-BaseAppTests/Pods-BaseAppTests.release.xcconfig"; sourceTree = "<group>"; };
		A35F1D3C210DD7E5009318EE /* TextField.swift */ = {isa = PBXFileReference; lastKnownFileType = sourcecode.swift; path = TextField.swift; sourceTree = "<group>"; };
		A35F1D40210DD7F2009318EE /* Button.swift */ = {isa = PBXFileReference; lastKnownFileType = sourcecode.swift; path = Button.swift; sourceTree = "<group>"; };
		A35F1D44210DD801009318EE /* Label.swift */ = {isa = PBXFileReference; lastKnownFileType = sourcecode.swift; path = Label.swift; sourceTree = "<group>"; };
		A35F1D48210DD80B009318EE /* Icon.swift */ = {isa = PBXFileReference; lastKnownFileType = sourcecode.swift; path = Icon.swift; sourceTree = "<group>"; };
		A35F1D4C210DD816009318EE /* PicView.swift */ = {isa = PBXFileReference; lastKnownFileType = sourcecode.swift; path = PicView.swift; sourceTree = "<group>"; };
		A35F1D50210DD822009318EE /* TextView.swift */ = {isa = PBXFileReference; lastKnownFileType = sourcecode.swift; path = TextView.swift; sourceTree = "<group>"; };
		A38D8185210B09E2007559B8 /* BaseApp.app */ = {isa = PBXFileReference; explicitFileType = wrapper.application; includeInIndex = 0; path = BaseApp.app; sourceTree = BUILT_PRODUCTS_DIR; };
		A38D8188210B09E2007559B8 /* AppDelegate.swift */ = {isa = PBXFileReference; lastKnownFileType = sourcecode.swift; path = AppDelegate.swift; sourceTree = "<group>"; };
		A38D818D210B09E2007559B8 /* Base */ = {isa = PBXFileReference; lastKnownFileType = file.storyboard; name = Base; path = Base.lproj/Main.storyboard; sourceTree = "<group>"; };
		A38D818F210B09E8007559B8 /* Assets.xcassets */ = {isa = PBXFileReference; lastKnownFileType = folder.assetcatalog; path = Assets.xcassets; sourceTree = "<group>"; };
		A38D8192210B09E8007559B8 /* Base */ = {isa = PBXFileReference; lastKnownFileType = file.storyboard; name = Base; path = Base.lproj/LaunchScreen.storyboard; sourceTree = "<group>"; };
		A38D8194210B09E8007559B8 /* Info.plist */ = {isa = PBXFileReference; lastKnownFileType = text.plist.xml; path = Info.plist; sourceTree = "<group>"; };
		A38D8199210B09E8007559B8 /* BaseAppTests.xctest */ = {isa = PBXFileReference; explicitFileType = wrapper.cfbundle; includeInIndex = 0; path = BaseAppTests.xctest; sourceTree = BUILT_PRODUCTS_DIR; };
		A38D819D210B09E8007559B8 /* BaseAppTests.swift */ = {isa = PBXFileReference; lastKnownFileType = sourcecode.swift; path = BaseAppTests.swift; sourceTree = "<group>"; };
		A38D819F210B09E8007559B8 /* Info.plist */ = {isa = PBXFileReference; lastKnownFileType = text.plist.xml; path = Info.plist; sourceTree = "<group>"; };
		A38D81A4210B09E8007559B8 /* BaseAppUITests.xctest */ = {isa = PBXFileReference; explicitFileType = wrapper.cfbundle; includeInIndex = 0; path = BaseAppUITests.xctest; sourceTree = BUILT_PRODUCTS_DIR; };
		A38D81A8210B09E8007559B8 /* BaseAppUITests.swift */ = {isa = PBXFileReference; lastKnownFileType = sourcecode.swift; path = BaseAppUITests.swift; sourceTree = "<group>"; };
		A38D81AA210B09E8007559B8 /* Info.plist */ = {isa = PBXFileReference; lastKnownFileType = text.plist.xml; path = Info.plist; sourceTree = "<group>"; };
		A3A1CAD9210DD1C300AC105D /* AuthFlow.storyboard */ = {isa = PBXFileReference; lastKnownFileType = file.storyboard; path = AuthFlow.storyboard; sourceTree = "<group>"; };
		A3A1CAE0210DD5B300AC105D /* Screen.swift */ = {isa = PBXFileReference; lastKnownFileType = sourcecode.swift; path = Screen.swift; sourceTree = "<group>"; };
		A3A1CAE5210DD5F300AC105D /* LoginScreen.swift */ = {isa = PBXFileReference; lastKnownFileType = sourcecode.swift; path = LoginScreen.swift; sourceTree = "<group>"; };
		A3B31E19210E5323005160B7 /* ScrollView.swift */ = {isa = PBXFileReference; lastKnownFileType = sourcecode.swift; path = ScrollView.swift; sourceTree = "<group>"; };
		A6B2B3F06007BE8C4486EB98 /* Pods_BaseAppTests.framework */ = {isa = PBXFileReference; explicitFileType = wrapper.framework; includeInIndex = 0; path = Pods_BaseAppTests.framework; sourceTree = BUILT_PRODUCTS_DIR; };
		B2E2FD46A872ED5A46A829CD /* Pods-BaseApp.debug.xcconfig */ = {isa = PBXFileReference; includeInIndex = 1; lastKnownFileType = text.xcconfig; name = "Pods-BaseApp.debug.xcconfig"; path = "Pods/Target Support Files/Pods-BaseApp/Pods-BaseApp.debug.xcconfig"; sourceTree = "<group>"; };
/* End PBXFileReference section */

/* Begin PBXFrameworksBuildPhase section */
		A38D8182210B09E2007559B8 /* Frameworks */ = {
			isa = PBXFrameworksBuildPhase;
			buildActionMask = 2147483647;
			files = (
				11352E9FE6BBACE8D5877626 /* Pods_BaseApp.framework in Frameworks */,
			);
			runOnlyForDeploymentPostprocessing = 0;
		};
		A38D8196210B09E8007559B8 /* Frameworks */ = {
			isa = PBXFrameworksBuildPhase;
			buildActionMask = 2147483647;
			files = (
				4E96DC62073D828DE4128062 /* Pods_BaseAppTests.framework in Frameworks */,
			);
			runOnlyForDeploymentPostprocessing = 0;
		};
		A38D81A1210B09E8007559B8 /* Frameworks */ = {
			isa = PBXFrameworksBuildPhase;
			buildActionMask = 2147483647;
			files = (
				2C54AEE623963CCDD2EA402C /* Pods_BaseAppUITests.framework in Frameworks */,
			);
			runOnlyForDeploymentPostprocessing = 0;
		};
/* End PBXFrameworksBuildPhase section */

/* Begin PBXGroup section */
		00BD29C8C8D655FE5E8F7E47 /* Pods */ = {
			isa = PBXGroup;
			children = (
				B2E2FD46A872ED5A46A829CD /* Pods-BaseApp.debug.xcconfig */,
				22FFDDB08B881847CC6C2329 /* Pods-BaseApp.release.xcconfig */,
				1BDE973D0C260CEA31A7B183 /* Pods-BaseAppTests.debug.xcconfig */,
				69AC21ADE3A46FC5D21045C0 /* Pods-BaseAppTests.release.xcconfig */,
				1A8CEC0FB42879F918657301 /* Pods-BaseAppUITests.debug.xcconfig */,
				4926D8CBD1BBC4C3BFD52054 /* Pods-BaseAppUITests.release.xcconfig */,
			);
			name = Pods;
			sourceTree = "<group>";
		};
		A35F1D54210DF41C009318EE /* Resources */ = {
			isa = PBXGroup;
			children = (
				A38D818F210B09E8007559B8 /* Assets.xcassets */,
				A38D8194210B09E8007559B8 /* Info.plist */,
			);
			path = Resources;
			sourceTree = "<group>";
		};
		A35F1D55210DF450009318EE /* Splash */ = {
			isa = PBXGroup;
			children = (
				A38D8191210B09E8007559B8 /* LaunchScreen.storyboard */,
			);
			path = Splash;
			sourceTree = "<group>";
		};
		A38D817C210B09E2007559B8 = {
			isa = PBXGroup;
			children = (
				A38D8187210B09E2007559B8 /* BaseApp */,
				A38D819C210B09E8007559B8 /* BaseAppTests */,
				A38D81A7210B09E8007559B8 /* BaseAppUITests */,
				A38D8186210B09E2007559B8 /* Products */,
				00BD29C8C8D655FE5E8F7E47 /* Pods */,
				B8BA4C4156D4E92116247695 /* Frameworks */,
			);
			sourceTree = "<group>";
		};
		A38D8186210B09E2007559B8 /* Products */ = {
			isa = PBXGroup;
			children = (
				A38D8185210B09E2007559B8 /* BaseApp.app */,
				A38D8199210B09E8007559B8 /* BaseAppTests.xctest */,
				A38D81A4210B09E8007559B8 /* BaseAppUITests.xctest */,
			);
			name = Products;
			sourceTree = "<group>";
		};
		A38D8187210B09E2007559B8 /* BaseApp */ = {
			isa = PBXGroup;
			children = (
				A38D8188210B09E2007559B8 /* AppDelegate.swift */,
				A3A1CAD8210DD15D00AC105D /* Storyboaards */,
				A35F1D55210DF450009318EE /* Splash */,
				A3A1CAE4210DD5C600AC105D /* Basic */,
				A3A1CAE9210DD5FA00AC105D /* Auth Group */,
				A35F1D54210DF41C009318EE /* Resources */,
			);
			path = BaseApp;
			sourceTree = "<group>";
		};
		A38D819C210B09E8007559B8 /* BaseAppTests */ = {
			isa = PBXGroup;
			children = (
				A38D819D210B09E8007559B8 /* BaseAppTests.swift */,
				A38D819F210B09E8007559B8 /* Info.plist */,
			);
			path = BaseAppTests;
			sourceTree = "<group>";
		};
		A38D81A7210B09E8007559B8 /* BaseAppUITests */ = {
			isa = PBXGroup;
			children = (
				A38D81A8210B09E8007559B8 /* BaseAppUITests.swift */,
				A38D81AA210B09E8007559B8 /* Info.plist */,
			);
			path = BaseAppUITests;
			sourceTree = "<group>";
		};
		A3A1CAD8210DD15D00AC105D /* Storyboaards */ = {
			isa = PBXGroup;
			children = (
				A38D818C210B09E2007559B8 /* Main.storyboard */,
			);
			path = Storyboaards;
			sourceTree = "<group>";
		};
		A3A1CAE4210DD5C600AC105D /* Basic */ = {
			isa = PBXGroup;
			children = (
				A3A1CAE0210DD5B300AC105D /* Screen.swift */,
				A35F1D3C210DD7E5009318EE /* TextField.swift */,
				A35F1D40210DD7F2009318EE /* Button.swift */,
				A35F1D44210DD801009318EE /* Label.swift */,
				A35F1D48210DD80B009318EE /* Icon.swift */,
				A35F1D4C210DD816009318EE /* PicView.swift */,
				A35F1D50210DD822009318EE /* TextView.swift */,
				A3B31E19210E5323005160B7 /* ScrollView.swift */,
			);
			path = Basic;
			sourceTree = "<group>";
		};
		A3A1CAE9210DD5FA00AC105D /* Auth Group */ = {
			isa = PBXGroup;
			children = (
				A3A1CAD9210DD1C300AC105D /* AuthFlow.storyboard */,
				A3A1CAE5210DD5F300AC105D /* LoginScreen.swift */,
			);
			path = "Auth Group";
			sourceTree = "<group>";
		};
		B8BA4C4156D4E92116247695 /* Frameworks */ = {
			isa = PBXGroup;
			children = (
				683A67B2E9B593CFF3109A2B /* Pods_BaseApp.framework */,
				A6B2B3F06007BE8C4486EB98 /* Pods_BaseAppTests.framework */,
				27E7FADEDA2CFFD4A468BE72 /* Pods_BaseAppUITests.framework */,
			);
			name = Frameworks;
			sourceTree = "<group>";
		};
/* End PBXGroup section */

/* Begin PBXNativeTarget section */
		A38D8184210B09E2007559B8 /* BaseApp */ = {
			isa = PBXNativeTarget;
			buildConfigurationList = A38D81AD210B09E8007559B8 /* Build configuration list for PBXNativeTarget "BaseApp" */;
			buildPhases = (
				15C7E90CBB34173816C2D2DD /* [CP] Check Pods Manifest.lock */,
				A38D8181210B09E2007559B8 /* Sources */,
				A38D8182210B09E2007559B8 /* Frameworks */,
				A38D8183210B09E2007559B8 /* Resources */,
				2B2EF46751792A1092F0795E /* [CP] Embed Pods Frameworks */,
			);
			buildRules = (
			);
			dependencies = (
			);
			name = BaseApp;
			productName = BaseApp;
			productReference = A38D8185210B09E2007559B8 /* BaseApp.app */;
			productType = "com.apple.product-type.application";
		};
		A38D8198210B09E8007559B8 /* BaseAppTests */ = {
			isa = PBXNativeTarget;
			buildConfigurationList = A38D81B0210B09E8007559B8 /* Build configuration list for PBXNativeTarget "BaseAppTests" */;
			buildPhases = (
				74853A14E9704C0BB733867A /* [CP] Check Pods Manifest.lock */,
				A38D8195210B09E8007559B8 /* Sources */,
				A38D8196210B09E8007559B8 /* Frameworks */,
				A38D8197210B09E8007559B8 /* Resources */,
				4153EB8E15629A796DBDEB93 /* [CP] Embed Pods Frameworks */,
			);
			buildRules = (
			);
			dependencies = (
				A38D819B210B09E8007559B8 /* PBXTargetDependency */,
			);
			name = BaseAppTests;
			productName = BaseAppTests;
			productReference = A38D8199210B09E8007559B8 /* BaseAppTests.xctest */;
			productType = "com.apple.product-type.bundle.unit-test";
		};
		A38D81A3210B09E8007559B8 /* BaseAppUITests */ = {
			isa = PBXNativeTarget;
			buildConfigurationList = A38D81B3210B09E8007559B8 /* Build configuration list for PBXNativeTarget "BaseAppUITests" */;
			buildPhases = (
				F71CE4D702912B6113176C1B /* [CP] Check Pods Manifest.lock */,
				A38D81A0210B09E8007559B8 /* Sources */,
				A38D81A1210B09E8007559B8 /* Frameworks */,
				A38D81A2210B09E8007559B8 /* Resources */,
			);
			buildRules = (
			);
			dependencies = (
				A38D81A6210B09E8007559B8 /* PBXTargetDependency */,
			);
			name = BaseAppUITests;
			productName = BaseAppUITests;
			productReference = A38D81A4210B09E8007559B8 /* BaseAppUITests.xctest */;
			productType = "com.apple.product-type.bundle.ui-testing";
		};
/* End PBXNativeTarget section */

/* Begin PBXProject section */
		A38D817D210B09E2007559B8 /* Project object */ = {
			isa = PBXProject;
			attributes = {
				LastSwiftUpdateCheck = 1000;
				LastUpgradeCheck = 1000;
				ORGANIZATIONNAME = tobrb;
				TargetAttributes = {
					A38D8184210B09E2007559B8 = {
						CreatedOnToolsVersion = 10.0;
					};
					A38D8198210B09E8007559B8 = {
						CreatedOnToolsVersion = 10.0;
						TestTargetID = A38D8184210B09E2007559B8;
					};
					A38D81A3210B09E8007559B8 = {
						CreatedOnToolsVersion = 10.0;
						TestTargetID = A38D8184210B09E2007559B8;
					};
				};
			};
			buildConfigurationList = A38D8180210B09E2007559B8 /* Build configuration list for PBXProject "BaseApp" */;
			compatibilityVersion = "Xcode 9.3";
			developmentRegion = en;
			hasScannedForEncodings = 0;
			knownRegions = (
				en,
				Base,
			);
			mainGroup = A38D817C210B09E2007559B8;
			productRefGroup = A38D8186210B09E2007559B8 /* Products */;
			projectDirPath = "";
			projectRoot = "";
			targets = (
				A38D8184210B09E2007559B8 /* BaseApp */,
				A38D8198210B09E8007559B8 /* BaseAppTests */,
				A38D81A3210B09E8007559B8 /* BaseAppUITests */,
			);
		};
/* End PBXProject section */

/* Begin PBXResourcesBuildPhase section */
		A38D8183210B09E2007559B8 /* Resources */ = {
			isa = PBXResourcesBuildPhase;
			buildActionMask = 2147483647;
			files = (
				A38D8193210B09E8007559B8 /* LaunchScreen.storyboard in Resources */,
				A3A1CADA210DD1C300AC105D /* AuthFlow.storyboard in Resources */,
				A38D8190210B09E8007559B8 /* Assets.xcassets in Resources */,
				A38D818E210B09E2007559B8 /* Main.storyboard in Resources */,
			);
			runOnlyForDeploymentPostprocessing = 0;
		};
		A38D8197210B09E8007559B8 /* Resources */ = {
			isa = PBXResourcesBuildPhase;
			buildActionMask = 2147483647;
			files = (
			);
			runOnlyForDeploymentPostprocessing = 0;
		};
		A38D81A2210B09E8007559B8 /* Resources */ = {
			isa = PBXResourcesBuildPhase;
			buildActionMask = 2147483647;
			files = (
				A3A1CADB210DD1C300AC105D /* AuthFlow.storyboard in Resources */,
			);
			runOnlyForDeploymentPostprocessing = 0;
		};
/* End PBXResourcesBuildPhase section */

/* Begin PBXShellScriptBuildPhase section */
		15C7E90CBB34173816C2D2DD /* [CP] Check Pods Manifest.lock */ = {
			isa = PBXShellScriptBuildPhase;
			buildActionMask = 2147483647;
			files = (
			);
			inputPaths = (
				"${PODS_PODFILE_DIR_PATH}/Podfile.lock",
				"${PODS_ROOT}/Manifest.lock",
			);
			name = "[CP] Check Pods Manifest.lock";
			outputPaths = (
				"$(DERIVED_FILE_DIR)/Pods-BaseApp-checkManifestLockResult.txt",
			);
			runOnlyForDeploymentPostprocessing = 0;
			shellPath = /bin/sh;
			shellScript = "diff \"${PODS_PODFILE_DIR_PATH}/Podfile.lock\" \"${PODS_ROOT}/Manifest.lock\" > /dev/null\nif [ $? != 0 ] ; then\n    # print error to STDERR\n    echo \"error: The sandbox is not in sync with the Podfile.lock. Run 'pod install' or update your CocoaPods installation.\" >&2\n    exit 1\nfi\n# This output is used by Xcode 'outputs' to avoid re-running this script phase.\necho \"SUCCESS\" > \"${SCRIPT_OUTPUT_FILE_0}\"\n";
			showEnvVarsInLog = 0;
		};
		2B2EF46751792A1092F0795E /* [CP] Embed Pods Frameworks */ = {
			isa = PBXShellScriptBuildPhase;
			buildActionMask = 2147483647;
			files = (
			);
			inputPaths = (
				"${SRCROOT}/Pods/Target Support Files/Pods-BaseApp/Pods-BaseApp-frameworks.sh",
				"${BUILT_PRODUCTS_DIR}/PINCache/PINCache.framework",
				"${BUILT_PRODUCTS_DIR}/PINOperation/PINOperation.framework",
				"${BUILT_PRODUCTS_DIR}/PINRemoteImage/PINRemoteImage.framework",
				"${BUILT_PRODUCTS_DIR}/Realm/Realm.framework",
				"${BUILT_PRODUCTS_DIR}/RealmSwift/RealmSwift.framework",
				"${BUILT_PRODUCTS_DIR}/RxCocoa/RxCocoa.framework",
				"${BUILT_PRODUCTS_DIR}/RxSwift/RxSwift.framework",
				"${BUILT_PRODUCTS_DIR}/Texture/AsyncDisplayKit.framework",
			);
			name = "[CP] Embed Pods Frameworks";
			outputPaths = (
				"${TARGET_BUILD_DIR}/${FRAMEWORKS_FOLDER_PATH}/PINCache.framework",
				"${TARGET_BUILD_DIR}/${FRAMEWORKS_FOLDER_PATH}/PINOperation.framework",
				"${TARGET_BUILD_DIR}/${FRAMEWORKS_FOLDER_PATH}/PINRemoteImage.framework",
				"${TARGET_BUILD_DIR}/${FRAMEWORKS_FOLDER_PATH}/Realm.framework",
				"${TARGET_BUILD_DIR}/${FRAMEWORKS_FOLDER_PATH}/RealmSwift.framework",
				"${TARGET_BUILD_DIR}/${FRAMEWORKS_FOLDER_PATH}/RxCocoa.framework",
				"${TARGET_BUILD_DIR}/${FRAMEWORKS_FOLDER_PATH}/RxSwift.framework",
				"${TARGET_BUILD_DIR}/${FRAMEWORKS_FOLDER_PATH}/AsyncDisplayKit.framework",
			);
			runOnlyForDeploymentPostprocessing = 0;
			shellPath = /bin/sh;
			shellScript = "\"${SRCROOT}/Pods/Target Support Files/Pods-BaseApp/Pods-BaseApp-frameworks.sh\"\n";
			showEnvVarsInLog = 0;
		};
		4153EB8E15629A796DBDEB93 /* [CP] Embed Pods Frameworks */ = {
			isa = PBXShellScriptBuildPhase;
			buildActionMask = 2147483647;
			files = (
			);
			inputPaths = (
				"${SRCROOT}/Pods/Target Support Files/Pods-BaseAppTests/Pods-BaseAppTests-frameworks.sh",
				"${BUILT_PRODUCTS_DIR}/RxSwift/RxSwift.framework",
				"${BUILT_PRODUCTS_DIR}/RxTest/RxTest.framework",
			);
			name = "[CP] Embed Pods Frameworks";
			outputPaths = (
				"${TARGET_BUILD_DIR}/${FRAMEWORKS_FOLDER_PATH}/RxSwift.framework",
				"${TARGET_BUILD_DIR}/${FRAMEWORKS_FOLDER_PATH}/RxTest.framework",
			);
			runOnlyForDeploymentPostprocessing = 0;
			shellPath = /bin/sh;
			shellScript = "\"${SRCROOT}/Pods/Target Support Files/Pods-BaseAppTests/Pods-BaseAppTests-frameworks.sh\"\n";
			showEnvVarsInLog = 0;
		};
		74853A14E9704C0BB733867A /* [CP] Check Pods Manifest.lock */ = {
			isa = PBXShellScriptBuildPhase;
			buildActionMask = 2147483647;
			files = (
			);
			inputPaths = (
				"${PODS_PODFILE_DIR_PATH}/Podfile.lock",
				"${PODS_ROOT}/Manifest.lock",
			);
			name = "[CP] Check Pods Manifest.lock";
			outputPaths = (
				"$(DERIVED_FILE_DIR)/Pods-BaseAppTests-checkManifestLockResult.txt",
			);
			runOnlyForDeploymentPostprocessing = 0;
			shellPath = /bin/sh;
			shellScript = "diff \"${PODS_PODFILE_DIR_PATH}/Podfile.lock\" \"${PODS_ROOT}/Manifest.lock\" > /dev/null\nif [ $? != 0 ] ; then\n    # print error to STDERR\n    echo \"error: The sandbox is not in sync with the Podfile.lock. Run 'pod install' or update your CocoaPods installation.\" >&2\n    exit 1\nfi\n# This output is used by Xcode 'outputs' to avoid re-running this script phase.\necho \"SUCCESS\" > \"${SCRIPT_OUTPUT_FILE_0}\"\n";
			showEnvVarsInLog = 0;
		};
		F71CE4D702912B6113176C1B /* [CP] Check Pods Manifest.lock */ = {
			isa = PBXShellScriptBuildPhase;
			buildActionMask = 2147483647;
			files = (
			);
			inputPaths = (
				"${PODS_PODFILE_DIR_PATH}/Podfile.lock",
				"${PODS_ROOT}/Manifest.lock",
			);
			name = "[CP] Check Pods Manifest.lock";
			outputPaths = (
				"$(DERIVED_FILE_DIR)/Pods-BaseAppUITests-checkManifestLockResult.txt",
			);
			runOnlyForDeploymentPostprocessing = 0;
			shellPath = /bin/sh;
			shellScript = "diff \"${PODS_PODFILE_DIR_PATH}/Podfile.lock\" \"${PODS_ROOT}/Manifest.lock\" > /dev/null\nif [ $? != 0 ] ; then\n    # print error to STDERR\n    echo \"error: The sandbox is not in sync with the Podfile.lock. Run 'pod install' or update your CocoaPods installation.\" >&2\n    exit 1\nfi\n# This output is used by Xcode 'outputs' to avoid re-running this script phase.\necho \"SUCCESS\" > \"${SCRIPT_OUTPUT_FILE_0}\"\n";
			showEnvVarsInLog = 0;
		};
/* End PBXShellScriptBuildPhase section */

/* Begin PBXSourcesBuildPhase section */
		A38D8181210B09E2007559B8 /* Sources */ = {
			isa = PBXSourcesBuildPhase;
			buildActionMask = 2147483647;
			files = (
				A35F1D41210DD7F2009318EE /* Button.swift in Sources */,
				A35F1D4D210DD816009318EE /* PicView.swift in Sources */,
				A3A1CAE6210DD5F300AC105D /* LoginScreen.swift in Sources */,
				A3B31E1A210E5324005160B7 /* ScrollView.swift in Sources */,
				A38D8189210B09E2007559B8 /* AppDelegate.swift in Sources */,
				A35F1D3D210DD7E5009318EE /* TextField.swift in Sources */,
				A35F1D45210DD801009318EE /* Label.swift in Sources */,
				A35F1D49210DD80B009318EE /* Icon.swift in Sources */,
				A3A1CAE1210DD5B300AC105D /* Screen.swift in Sources */,
				A35F1D51210DD822009318EE /* TextView.swift in Sources */,
			);
			runOnlyForDeploymentPostprocessing = 0;
		};
		A38D8195210B09E8007559B8 /* Sources */ = {
			isa = PBXSourcesBuildPhase;
			buildActionMask = 2147483647;
			files = (
				A35F1D42210DD7F2009318EE /* Button.swift in Sources */,
				A38D819E210B09E8007559B8 /* BaseAppTests.swift in Sources */,
				A35F1D4A210DD80B009318EE /* Icon.swift in Sources */,
				A3B31E1B210E5324005160B7 /* ScrollView.swift in Sources */,
				A35F1D46210DD801009318EE /* Label.swift in Sources */,
				A3A1CAE2210DD5B300AC105D /* Screen.swift in Sources */,
				A3A1CAE7210DD5F300AC105D /* LoginScreen.swift in Sources */,
				A35F1D52210DD822009318EE /* TextView.swift in Sources */,
				A35F1D3E210DD7E5009318EE /* TextField.swift in Sources */,
				A35F1D4E210DD816009318EE /* PicView.swift in Sources */,
			);
			runOnlyForDeploymentPostprocessing = 0;
		};
		A38D81A0210B09E8007559B8 /* Sources */ = {
			isa = PBXSourcesBuildPhase;
			buildActionMask = 2147483647;
			files = (
				A35F1D43210DD7F2009318EE /* Button.swift in Sources */,
				A38D81A9210B09E8007559B8 /* BaseAppUITests.swift in Sources */,
				A35F1D4B210DD80B009318EE /* Icon.swift in Sources */,
				A3B31E1C210E5324005160B7 /* ScrollView.swift in Sources */,
				A35F1D47210DD801009318EE /* Label.swift in Sources */,
				A3A1CAE3210DD5B300AC105D /* Screen.swift in Sources */,
				A3A1CAE8210DD5F300AC105D /* LoginScreen.swift in Sources */,
				A35F1D53210DD822009318EE /* TextView.swift in Sources */,
				A35F1D3F210DD7E5009318EE /* TextField.swift in Sources */,
				A35F1D4F210DD816009318EE /* PicView.swift in Sources */,
			);
			runOnlyForDeploymentPostprocessing = 0;
		};
/* End PBXSourcesBuildPhase section */

/* Begin PBXTargetDependency section */
		A38D819B210B09E8007559B8 /* PBXTargetDependency */ = {
			isa = PBXTargetDependency;
			target = A38D8184210B09E2007559B8 /* BaseApp */;
			targetProxy = A38D819A210B09E8007559B8 /* PBXContainerItemProxy */;
		};
		A38D81A6210B09E8007559B8 /* PBXTargetDependency */ = {
			isa = PBXTargetDependency;
			target = A38D8184210B09E2007559B8 /* BaseApp */;
			targetProxy = A38D81A5210B09E8007559B8 /* PBXContainerItemProxy */;
		};
/* End PBXTargetDependency section */

/* Begin PBXVariantGroup section */
		A38D818C210B09E2007559B8 /* Main.storyboard */ = {
			isa = PBXVariantGroup;
			children = (
				A38D818D210B09E2007559B8 /* Base */,
			);
			name = Main.storyboard;
			sourceTree = "<group>";
		};
		A38D8191210B09E8007559B8 /* LaunchScreen.storyboard */ = {
			isa = PBXVariantGroup;
			children = (
				A38D8192210B09E8007559B8 /* Base */,
			);
			name = LaunchScreen.storyboard;
			sourceTree = "<group>";
		};
/* End PBXVariantGroup section */

/* Begin XCBuildConfiguration section */
		A38D81AB210B09E8007559B8 /* Debug */ = {
			isa = XCBuildConfiguration;
			buildSettings = {
				ALWAYS_SEARCH_USER_PATHS = NO;
				CLANG_ANALYZER_NONNULL = YES;
				CLANG_ANALYZER_NUMBER_OBJECT_CONVERSION = YES_AGGRESSIVE;
				CLANG_CXX_LANGUAGE_STANDARD = "gnu++14";
				CLANG_CXX_LIBRARY = "libc++";
				CLANG_ENABLE_MODULES = YES;
				CLANG_ENABLE_OBJC_ARC = YES;
				CLANG_ENABLE_OBJC_WEAK = YES;
				CLANG_WARN_BLOCK_CAPTURE_AUTORELEASING = YES;
				CLANG_WARN_BOOL_CONVERSION = YES;
				CLANG_WARN_COMMA = YES;
				CLANG_WARN_CONSTANT_CONVERSION = YES;
				CLANG_WARN_DEPRECATED_OBJC_IMPLEMENTATIONS = YES;
				CLANG_WARN_DIRECT_OBJC_ISA_USAGE = YES_ERROR;
				CLANG_WARN_DOCUMENTATION_COMMENTS = YES;
				CLANG_WARN_EMPTY_BODY = YES;
				CLANG_WARN_ENUM_CONVERSION = YES;
				CLANG_WARN_INFINITE_RECURSION = YES;
				CLANG_WARN_INT_CONVERSION = YES;
				CLANG_WARN_NON_LITERAL_NULL_CONVERSION = YES;
				CLANG_WARN_OBJC_IMPLICIT_RETAIN_SELF = YES;
				CLANG_WARN_OBJC_LITERAL_CONVERSION = YES;
				CLANG_WARN_OBJC_ROOT_CLASS = YES_ERROR;
				CLANG_WARN_RANGE_LOOP_ANALYSIS = YES;
				CLANG_WARN_STRICT_PROTOTYPES = YES;
				CLANG_WARN_SUSPICIOUS_MOVE = YES;
				CLANG_WARN_UNGUARDED_AVAILABILITY = YES_AGGRESSIVE;
				CLANG_WARN_UNREACHABLE_CODE = YES;
				CLANG_WARN__DUPLICATE_METHOD_MATCH = YES;
				CODE_SIGN_IDENTITY = "iPhone Developer";
				COPY_PHASE_STRIP = NO;
				DEBUG_INFORMATION_FORMAT = dwarf;
				ENABLE_STRICT_OBJC_MSGSEND = YES;
				ENABLE_TESTABILITY = YES;
				GCC_C_LANGUAGE_STANDARD = gnu11;
				GCC_DYNAMIC_NO_PIC = NO;
				GCC_NO_COMMON_BLOCKS = YES;
				GCC_OPTIMIZATION_LEVEL = 0;
				GCC_PREPROCESSOR_DEFINITIONS = (
					"DEBUG=1",
					"$(inherited)",
				);
				GCC_WARN_64_TO_32_BIT_CONVERSION = YES;
				GCC_WARN_ABOUT_RETURN_TYPE = YES_ERROR;
				GCC_WARN_UNDECLARED_SELECTOR = YES;
				GCC_WARN_UNINITIALIZED_AUTOS = YES_AGGRESSIVE;
				GCC_WARN_UNUSED_FUNCTION = YES;
				GCC_WARN_UNUSED_VARIABLE = YES;
				IPHONEOS_DEPLOYMENT_TARGET = 12.0;
				MTL_ENABLE_DEBUG_INFO = INCLUDE_SOURCE;
				ONLY_ACTIVE_ARCH = YES;
				SDKROOT = iphoneos;
				SWIFT_ACTIVE_COMPILATION_CONDITIONS = DEBUG;
				SWIFT_OPTIMIZATION_LEVEL = "-Onone";
			};
			name = Debug;
		};
		A38D81AC210B09E8007559B8 /* Release */ = {
			isa = XCBuildConfiguration;
			buildSettings = {
				ALWAYS_SEARCH_USER_PATHS = NO;
				CLANG_ANALYZER_NONNULL = YES;
				CLANG_ANALYZER_NUMBER_OBJECT_CONVERSION = YES_AGGRESSIVE;
				CLANG_CXX_LANGUAGE_STANDARD = "gnu++14";
				CLANG_CXX_LIBRARY = "libc++";
				CLANG_ENABLE_MODULES = YES;
				CLANG_ENABLE_OBJC_ARC = YES;
				CLANG_ENABLE_OBJC_WEAK = YES;
				CLANG_WARN_BLOCK_CAPTURE_AUTORELEASING = YES;
				CLANG_WARN_BOOL_CONVERSION = YES;
				CLANG_WARN_COMMA = YES;
				CLANG_WARN_CONSTANT_CONVERSION = YES;
				CLANG_WARN_DEPRECATED_OBJC_IMPLEMENTATIONS = YES;
				CLANG_WARN_DIRECT_OBJC_ISA_USAGE = YES_ERROR;
				CLANG_WARN_DOCUMENTATION_COMMENTS = YES;
				CLANG_WARN_EMPTY_BODY = YES;
				CLANG_WARN_ENUM_CONVERSION = YES;
				CLANG_WARN_INFINITE_RECURSION = YES;
				CLANG_WARN_INT_CONVERSION = YES;
				CLANG_WARN_NON_LITERAL_NULL_CONVERSION = YES;
				CLANG_WARN_OBJC_IMPLICIT_RETAIN_SELF = YES;
				CLANG_WARN_OBJC_LITERAL_CONVERSION = YES;
				CLANG_WARN_OBJC_ROOT_CLASS = YES_ERROR;
				CLANG_WARN_RANGE_LOOP_ANALYSIS = YES;
				CLANG_WARN_STRICT_PROTOTYPES = YES;
				CLANG_WARN_SUSPICIOUS_MOVE = YES;
				CLANG_WARN_UNGUARDED_AVAILABILITY = YES_AGGRESSIVE;
				CLANG_WARN_UNREACHABLE_CODE = YES;
				CLANG_WARN__DUPLICATE_METHOD_MATCH = YES;
				CODE_SIGN_IDENTITY = "iPhone Developer";
				COPY_PHASE_STRIP = NO;
				DEBUG_INFORMATION_FORMAT = "dwarf-with-dsym";
				ENABLE_NS_ASSERTIONS = NO;
				ENABLE_STRICT_OBJC_MSGSEND = YES;
				GCC_C_LANGUAGE_STANDARD = gnu11;
				GCC_NO_COMMON_BLOCKS = YES;
				GCC_WARN_64_TO_32_BIT_CONVERSION = YES;
				GCC_WARN_ABOUT_RETURN_TYPE = YES_ERROR;
				GCC_WARN_UNDECLARED_SELECTOR = YES;
				GCC_WARN_UNINITIALIZED_AUTOS = YES_AGGRESSIVE;
				GCC_WARN_UNUSED_FUNCTION = YES;
				GCC_WARN_UNUSED_VARIABLE = YES;
				IPHONEOS_DEPLOYMENT_TARGET = 12.0;
				MTL_ENABLE_DEBUG_INFO = NO;
				SDKROOT = iphoneos;
				SWIFT_COMPILATION_MODE = wholemodule;
				SWIFT_OPTIMIZATION_LEVEL = "-O";
				VALIDATE_PRODUCT = YES;
			};
			name = Release;
		};
		A38D81AE210B09E8007559B8 /* Debug */ = {
			isa = XCBuildConfiguration;
			baseConfigurationReference = B2E2FD46A872ED5A46A829CD /* Pods-BaseApp.debug.xcconfig */;
			buildSettings = {
				ASSETCATALOG_COMPILER_APPICON_NAME = AppIcon;
				CODE_SIGN_STYLE = Automatic;
				DEVELOPMENT_TEAM = Y8D6X5Q6UC;
				INFOPLIST_FILE = "$(SRCROOT)/BaseApp/Resources/Info.plist";
				LD_RUNPATH_SEARCH_PATHS = (
					"$(inherited)",
					"@executable_path/Frameworks",
				);
				PRODUCT_BUNDLE_IDENTIFIER = tobrb.BaseApp;
				PRODUCT_NAME = "$(TARGET_NAME)";
				SWIFT_VERSION = 4.0;
				TARGETED_DEVICE_FAMILY = "1,2";
			};
			name = Debug;
		};
		A38D81AF210B09E8007559B8 /* Release */ = {
			isa = XCBuildConfiguration;
			baseConfigurationReference = 22FFDDB08B881847CC6C2329 /* Pods-BaseApp.release.xcconfig */;
			buildSettings = {
				ASSETCATALOG_COMPILER_APPICON_NAME = AppIcon;
				CODE_SIGN_STYLE = Automatic;
				DEVELOPMENT_TEAM = Y8D6X5Q6UC;
				INFOPLIST_FILE = "$(SRCROOT)/BaseApp/Resources/Info.plist";
				LD_RUNPATH_SEARCH_PATHS = (
					"$(inherited)",
					"@executable_path/Frameworks",
				);
				PRODUCT_BUNDLE_IDENTIFIER = tobrb.BaseApp;
				PRODUCT_NAME = "$(TARGET_NAME)";
				SWIFT_VERSION = 4.0;
				TARGETED_DEVICE_FAMILY = "1,2";
			};
			name = Release;
		};
		A38D81B1210B09E8007559B8 /* Debug */ = {
			isa = XCBuildConfiguration;
			baseConfigurationReference = 1BDE973D0C260CEA31A7B183 /* Pods-BaseAppTests.debug.xcconfig */;
			buildSettings = {
				ALWAYS_EMBED_SWIFT_STANDARD_LIBRARIES = YES;
				BUNDLE_LOADER = "$(TEST_HOST)";
				CODE_SIGN_STYLE = Automatic;
				DEVELOPMENT_TEAM = Y8D6X5Q6UC;
				INFOPLIST_FILE = BaseAppTests/Info.plist;
				LD_RUNPATH_SEARCH_PATHS = (
					"$(inherited)",
					"@executable_path/Frameworks",
					"@loader_path/Frameworks",
				);
				PRODUCT_BUNDLE_IDENTIFIER = tobrb.BaseAppTests;
				PRODUCT_NAME = "$(TARGET_NAME)";
				SWIFT_VERSION = 4.0;
				TARGETED_DEVICE_FAMILY = "1,2";
				TEST_HOST = "$(BUILT_PRODUCTS_DIR)/BaseApp.app/BaseApp";
			};
			name = Debug;
		};
		A38D81B2210B09E8007559B8 /* Release */ = {
			isa = XCBuildConfiguration;
			baseConfigurationReference = 69AC21ADE3A46FC5D21045C0 /* Pods-BaseAppTests.release.xcconfig */;
			buildSettings = {
				ALWAYS_EMBED_SWIFT_STANDARD_LIBRARIES = YES;
				BUNDLE_LOADER = "$(TEST_HOST)";
				CODE_SIGN_STYLE = Automatic;
				DEVELOPMENT_TEAM = Y8D6X5Q6UC;
				INFOPLIST_FILE = BaseAppTests/Info.plist;
				LD_RUNPATH_SEARCH_PATHS = (
					"$(inherited)",
					"@executable_path/Frameworks",
					"@loader_path/Frameworks",
				);
				PRODUCT_BUNDLE_IDENTIFIER = tobrb.BaseAppTests;
				PRODUCT_NAME = "$(TARGET_NAME)";
				SWIFT_VERSION = 4.0;
				TARGETED_DEVICE_FAMILY = "1,2";
				TEST_HOST = "$(BUILT_PRODUCTS_DIR)/BaseApp.app/BaseApp";
			};
			name = Release;
		};
		A38D81B4210B09E8007559B8 /* Debug */ = {
			isa = XCBuildConfiguration;
			baseConfigurationReference = 1A8CEC0FB42879F918657301 /* Pods-BaseAppUITests.debug.xcconfig */;
			buildSettings = {
				ALWAYS_EMBED_SWIFT_STANDARD_LIBRARIES = YES;
				CODE_SIGN_STYLE = Automatic;
				DEVELOPMENT_TEAM = Y8D6X5Q6UC;
				INFOPLIST_FILE = BaseAppUITests/Info.plist;
				LD_RUNPATH_SEARCH_PATHS = (
					"$(inherited)",
					"@executable_path/Frameworks",
					"@loader_path/Frameworks",
				);
				PRODUCT_BUNDLE_IDENTIFIER = tobrb.BaseAppUITests;
				PRODUCT_NAME = "$(TARGET_NAME)";
				SWIFT_VERSION = 4.0;
				TARGETED_DEVICE_FAMILY = "1,2";
				TEST_TARGET_NAME = BaseApp;
			};
			name = Debug;
		};
		A38D81B5210B09E8007559B8 /* Release */ = {
			isa = XCBuildConfiguration;
			baseConfigurationReference = 4926D8CBD1BBC4C3BFD52054 /* Pods-BaseAppUITests.release.xcconfig */;
			buildSettings = {
				ALWAYS_EMBED_SWIFT_STANDARD_LIBRARIES = YES;
				CODE_SIGN_STYLE = Automatic;
				DEVELOPMENT_TEAM = Y8D6X5Q6UC;
				INFOPLIST_FILE = BaseAppUITests/Info.plist;
				LD_RUNPATH_SEARCH_PATHS = (
					"$(inherited)",
					"@executable_path/Frameworks",
					"@loader_path/Frameworks",
				);
				PRODUCT_BUNDLE_IDENTIFIER = tobrb.BaseAppUITests;
				PRODUCT_NAME = "$(TARGET_NAME)";
				SWIFT_VERSION = 4.0;
				TARGETED_DEVICE_FAMILY = "1,2";
				TEST_TARGET_NAME = BaseApp;
			};
			name = Release;
		};
/* End XCBuildConfiguration section */

/* Begin XCConfigurationList section */
		A38D8180210B09E2007559B8 /* Build configuration list for PBXProject "BaseApp" */ = {
			isa = XCConfigurationList;
			buildConfigurations = (
				A38D81AB210B09E8007559B8 /* Debug */,
				A38D81AC210B09E8007559B8 /* Release */,
			);
			defaultConfigurationIsVisible = 0;
			defaultConfigurationName = Release;
		};
		A38D81AD210B09E8007559B8 /* Build configuration list for PBXNativeTarget "BaseApp" */ = {
			isa = XCConfigurationList;
			buildConfigurations = (
				A38D81AE210B09E8007559B8 /* Debug */,
				A38D81AF210B09E8007559B8 /* Release */,
			);
			defaultConfigurationIsVisible = 0;
			defaultConfigurationName = Release;
		};
		A38D81B0210B09E8007559B8 /* Build configuration list for PBXNativeTarget "BaseAppTests" */ = {
			isa = XCConfigurationList;
			buildConfigurations = (
				A38D81B1210B09E8007559B8 /* Debug */,
				A38D81B2210B09E8007559B8 /* Release */,
			);
			defaultConfigurationIsVisible = 0;
			defaultConfigurationName = Release;
		};
		A38D81B3210B09E8007559B8 /* Build configuration list for PBXNativeTarget "BaseAppUITests" */ = {
			isa = XCConfigurationList;
			buildConfigurations = (
				A38D81B4210B09E8007559B8 /* Debug */,
				A38D81B5210B09E8007559B8 /* Release */,
			);
			defaultConfigurationIsVisible = 0;
			defaultConfigurationName = Release;
		};
/* End XCConfigurationList section */
	};
	rootObject = A38D817D210B09E2007559B8 /* Project object */;
}
