// !$*UTF8*$!
{
	archiveVersion = 1;
	classes = {
	};
	objectVersion = 50;
	objects = {

/* Begin PBXBuildFile section */
		A38D8189210B09E2007559B8 /* AppDelegate.swift in Sources */ = {isa = PBXBuildFile; fileRef = A38D8188210B09E2007559B8 /* AppDelegate.swift */; };
		A38D818B210B09E2007559B8 /* ViewController.swift in Sources */ = {isa = PBXBuildFile; fileRef = A38D818A210B09E2007559B8 /* ViewController.swift */; };
		A38D818E210B09E2007559B8 /* Main.storyboard in Resources */ = {isa = PBXBuildFile; fileRef = A38D818C210B09E2007559B8 /* Main.storyboard */; };
		A38D8190210B09E8007559B8 /* Assets.xcassets in Resources */ = {isa = PBXBuildFile; fileRef = A38D818F210B09E8007559B8 /* Assets.xcassets */; };
		A38D8193210B09E8007559B8 /* LaunchScreen.storyboard in Resources */ = {isa = PBXBuildFile; fileRef = A38D8191210B09E8007559B8 /* LaunchScreen.storyboard */; };
		A38D819E210B09E8007559B8 /* BaseAppTests.swift in Sources */ = {isa = PBXBuildFile; fileRef = A38D819D210B09E8007559B8 /* BaseAppTests.swift */; };
		A38D81A9210B09E8007559B8 /* BaseAppUITests.swift in Sources */ = {isa = PBXBuildFile; fileRef = A38D81A8210B09E8007559B8 /* BaseAppUITests.swift */; };
/* End PBXBuildFile section */

/* Begin PBXContainerItemProxy section */
		A38D819A210B09E8007559B8 /* PBXContainerItemProxy */ = {
			isa = PBXContainerItemProxy;
			containerPortal = A38D817D210B09E2007559B8 /* Project object */;
			proxyType = 1;
			remoteGlobalIDString = A38D8184210B09E2007559B8;
			remoteInfo = BaseApp;
		};
		A38D81A5210B09E8007559B8 /* PBXContainerItemProxy */ = {
			isa = PBXContainerItemProxy;
			containerPortal = A38D817D210B09E2007559B8 /* Project object */;
			proxyType = 1;
			remoteGlobalIDString = A38D8184210B09E2007559B8;
			remoteInfo = BaseApp;
		};
/* End PBXContainerItemProxy section */

/* Begin PBXFileReference section */
		A38D8185210B09E2007559B8 /* BaseApp.app */ = {isa = PBXFileReference; explicitFileType = wrapper.application; includeInIndex = 0; path = BaseApp.app; sourceTree = BUILT_PRODUCTS_DIR; };
		A38D8188210B09E2007559B8 /* AppDelegate.swift */ = {isa = PBXFileReference; lastKnownFileType = sourcecode.swift; path = AppDelegate.swift; sourceTree = "<group>"; };
		A38D818A210B09E2007559B8 /* ViewController.swift */ = {isa = PBXFileReference; lastKnownFileType = sourcecode.swift; path = ViewController.swift; sourceTree = "<group>"; };
		A38D818D210B09E2007559B8 /* Base */ = {isa = PBXFileReference; lastKnownFileType = file.storyboard; name = Base; path = Base.lproj/Main.storyboard; sourceTree = "<group>"; };
		A38D818F210B09E8007559B8 /* Assets.xcassets */ = {isa = PBXFileReference; lastKnownFileType = folder.assetcatalog; path = Assets.xcassets; sourceTree = "<group>"; };
		A38D8192210B09E8007559B8 /* Base */ = {isa = PBXFileReference; lastKnownFileType = file.storyboard; name = Base; path = Base.lproj/LaunchScreen.storyboard; sourceTree = "<group>"; };
		A38D8194210B09E8007559B8 /* Info.plist */ = {isa = PBXFileReference; lastKnownFileType = text.plist.xml; path = Info.plist; sourceTree = "<group>"; };
		A38D8199210B09E8007559B8 /* BaseAppTests.xctest */ = {isa = PBXFileReference; explicitFileType = wrapper.cfbundle; includeInIndex = 0; path = BaseAppTests.xctest; sourceTree = BUILT_PRODUCTS_DIR; };
		A38D819D210B09E8007559B8 /* BaseAppTests.swift */ = {isa = PBXFileReference; lastKnownFileType = sourcecode.swift; path = BaseAppTests.swift; sourceTree = "<group>"; };
		A38D819F210B09E8007559B8 /* Info.plist */ = {isa = PBXFileReference; lastKnownFileType = text.plist.xml; path = Info.plist; sourceTree = "<group>"; };
		A38D81A4210B09E8007559B8 /* BaseAppUITests.xctest */ = {isa = PBXFileReference; explicitFileType = wrapper.cfbundle; includeInIndex = 0; path = BaseAppUITests.xctest; sourceTree = BUILT_PRODUCTS_DIR; };
		A38D81A8210B09E8007559B8 /* BaseAppUITests.swift */ = {isa = PBXFileReference; lastKnownFileType = sourcecode.swift; path = BaseAppUITests.swift; sourceTree = "<group>"; };
		A38D81AA210B09E8007559B8 /* Info.plist */ = {isa = PBXFileReference; lastKnownFileType = text.plist.xml; path = Info.plist; sourceTree = "<group>"; };
/* End PBXFileReference section */

/* Begin PBXFrameworksBuildPhase section */
		A38D8182210B09E2007559B8 /* Frameworks */ = {
			isa = PBXFrameworksBuildPhase;
			buildActionMask = 2147483647;
			files = (
			);
			runOnlyForDeploymentPostprocessing = 0;
		};
		A38D8196210B09E8007559B8 /* Frameworks */ = {
			isa = PBXFrameworksBuildPhase;
			buildActionMask = 2147483647;
			files = (
			);
			runOnlyForDeploymentPostprocessing = 0;
		};
		A38D81A1210B09E8007559B8 /* Frameworks */ = {
			isa = PBXFrameworksBuildPhase;
			buildActionMask = 2147483647;
			files = (
			);
			runOnlyForDeploymentPostprocessing = 0;
		};
/* End PBXFrameworksBuildPhase section */

/* Begin PBXGroup section */
		A38D817C210B09E2007559B8 = {
			isa = PBXGroup;
			children = (
				A38D8187210B09E2007559B8 /* BaseApp */,
				A38D819C210B09E8007559B8 /* BaseAppTests */,
				A38D81A7210B09E8007559B8 /* BaseAppUITests */,
				A38D8186210B09E2007559B8 /* Products */,
			);
			sourceTree = "<group>";
		};
		A38D8186210B09E2007559B8 /* Products */ = {
			isa = PBXGroup;
			children = (
				A38D8185210B09E2007559B8 /* BaseApp.app */,
				A38D8199210B09E8007559B8 /* BaseAppTests.xctest */,
				A38D81A4210B09E8007559B8 /* BaseAppUITests.xctest */,
			);
			name = Products;
			sourceTree = "<group>";
		};
		A38D8187210B09E2007559B8 /* BaseApp */ = {
			isa = PBXGroup;
			children = (
				A38D8188210B09E2007559B8 /* AppDelegate.swift */,
				A38D818A210B09E2007559B8 /* ViewController.swift */,
				A38D818C210B09E2007559B8 /* Main.storyboard */,
				A38D818F210B09E8007559B8 /* Assets.xcassets */,
				A38D8191210B09E8007559B8 /* LaunchScreen.storyboard */,
				A38D8194210B09E8007559B8 /* Info.plist */,
			);
			path = BaseApp;
			sourceTree = "<group>";
		};
		A38D819C210B09E8007559B8 /* BaseAppTests */ = {
			isa = PBXGroup;
			children = (
				A38D819D210B09E8007559B8 /* BaseAppTests.swift */,
				A38D819F210B09E8007559B8 /* Info.plist */,
			);
			path = BaseAppTests;
			sourceTree = "<group>";
		};
		A38D81A7210B09E8007559B8 /* BaseAppUITests */ = {
			isa = PBXGroup;
			children = (
				A38D81A8210B09E8007559B8 /* BaseAppUITests.swift */,
				A38D81AA210B09E8007559B8 /* Info.plist */,
			);
			path = BaseAppUITests;
			sourceTree = "<group>";
		};
/* End PBXGroup section */

/* Begin PBXNativeTarget section */
		A38D8184210B09E2007559B8 /* BaseApp */ = {
			isa = PBXNativeTarget;
			buildConfigurationList = A38D81AD210B09E8007559B8 /* Build configuration list for PBXNativeTarget "BaseApp" */;
			buildPhases = (
				A38D8181210B09E2007559B8 /* Sources */,
				A38D8182210B09E2007559B8 /* Frameworks */,
				A38D8183210B09E2007559B8 /* Resources */,
			);
			buildRules = (
			);
			dependencies = (
			);
			name = BaseApp;
			productName = BaseApp;
			productReference = A38D8185210B09E2007559B8 /* BaseApp.app */;
			productType = "com.apple.product-type.application";
		};
		A38D8198210B09E8007559B8 /* BaseAppTests */ = {
			isa = PBXNativeTarget;
			buildConfigurationList = A38D81B0210B09E8007559B8 /* Build configuration list for PBXNativeTarget "BaseAppTests" */;
			buildPhases = (
				A38D8195210B09E8007559B8 /* Sources */,
				A38D8196210B09E8007559B8 /* Frameworks */,
				A38D8197210B09E8007559B8 /* Resources */,
			);
			buildRules = (
			);
			dependencies = (
				A38D819B210B09E8007559B8 /* PBXTargetDependency */,
			);
			name = BaseAppTests;
			productName = BaseAppTests;
			productReference = A38D8199210B09E8007559B8 /* BaseAppTests.xctest */;
			productType = "com.apple.product-type.bundle.unit-test";
		};
		A38D81A3210B09E8007559B8 /* BaseAppUITests */ = {
			isa = PBXNativeTarget;
			buildConfigurationList = A38D81B3210B09E8007559B8 /* Build configuration list for PBXNativeTarget "BaseAppUITests" */;
			buildPhases = (
				A38D81A0210B09E8007559B8 /* Sources */,
				A38D81A1210B09E8007559B8 /* Frameworks */,
				A38D81A2210B09E8007559B8 /* Resources */,
			);
			buildRules = (
			);
			dependencies = (
				A38D81A6210B09E8007559B8 /* PBXTargetDependency */,
			);
			name = BaseAppUITests;
			productName = BaseAppUITests;
			productReference = A38D81A4210B09E8007559B8 /* BaseAppUITests.xctest */;
			productType = "com.apple.product-type.bundle.ui-testing";
		};
/* End PBXNativeTarget section */

/* Begin PBXProject section */
		A38D817D210B09E2007559B8 /* Project object */ = {
			isa = PBXProject;
			attributes = {
				LastSwiftUpdateCheck = 1000;
				LastUpgradeCheck = 1000;
				ORGANIZATIONNAME = tobrb;
				TargetAttributes = {
					A38D8184210B09E2007559B8 = {
						CreatedOnToolsVersion = 10.0;
					};
					A38D8198210B09E8007559B8 = {
						CreatedOnToolsVersion = 10.0;
						TestTargetID = A38D8184210B09E2007559B8;
					};
					A38D81A3210B09E8007559B8 = {
						CreatedOnToolsVersion = 10.0;
						TestTargetID = A38D8184210B09E2007559B8;
					};
				};
			};
			buildConfigurationList = A38D8180210B09E2007559B8 /* Build configuration list for PBXProject "BaseApp" */;
			compatibilityVersion = "Xcode 9.3";
			developmentRegion = en;
			hasScannedForEncodings = 0;
			knownRegions = (
				en,
				Base,
			);
			mainGroup = A38D817C210B09E2007559B8;
			productRefGroup = A38D8186210B09E2007559B8 /* Products */;
			projectDirPath = "";
			projectRoot = "";
			targets = (
				A38D8184210B09E2007559B8 /* BaseApp */,
				A38D8198210B09E8007559B8 /* BaseAppTests */,
				A38D81A3210B09E8007559B8 /* BaseAppUITests */,
			);
		};
/* End PBXProject section */

/* Begin PBXResourcesBuildPhase section */
		A38D8183210B09E2007559B8 /* Resources */ = {
			isa = PBXResourcesBuildPhase;
			buildActionMask = 2147483647;
			files = (
				A38D8193210B09E8007559B8 /* LaunchScreen.storyboard in Resources */,
				A38D8190210B09E8007559B8 /* Assets.xcassets in Resources */,
				A38D818E210B09E2007559B8 /* Main.storyboard in Resources */,
			);
			runOnlyForDeploymentPostprocessing = 0;
		};
		A38D8197210B09E8007559B8 /* Resources */ = {
			isa = PBXResourcesBuildPhase;
			buildActionMask = 2147483647;
			files = (
			);
			runOnlyForDeploymentPostprocessing = 0;
		};
		A38D81A2210B09E8007559B8 /* Resources */ = {
			isa = PBXResourcesBuildPhase;
			buildActionMask = 2147483647;
			files = (
			);
			runOnlyForDeploymentPostprocessing = 0;
		};
/* End PBXResourcesBuildPhase section */

/* Begin PBXSourcesBuildPhase section */
		A38D8181210B09E2007559B8 /* Sources */ = {
			isa = PBXSourcesBuildPhase;
			buildActionMask = 2147483647;
			files = (
				A38D818B210B09E2007559B8 /* ViewController.swift in Sources */,
				A38D8189210B09E2007559B8 /* AppDelegate.swift in Sources */,
			);
			runOnlyForDeploymentPostprocessing = 0;
		};
		A38D8195210B09E8007559B8 /* Sources */ = {
			isa = PBXSourcesBuildPhase;
			buildActionMask = 2147483647;
			files = (
				A38D819E210B09E8007559B8 /* BaseAppTests.swift in Sources */,
			);
			runOnlyForDeploymentPostprocessing = 0;
		};
		A38D81A0210B09E8007559B8 /* Sources */ = {
			isa = PBXSourcesBuildPhase;
			buildActionMask = 2147483647;
			files = (
				A38D81A9210B09E8007559B8 /* BaseAppUITests.swift in Sources */,
			);
			runOnlyForDeploymentPostprocessing = 0;
		};
/* End PBXSourcesBuildPhase section */

/* Begin PBXTargetDependency section */
		A38D819B210B09E8007559B8 /* PBXTargetDependency */ = {
			isa = PBXTargetDependency;
			target = A38D8184210B09E2007559B8 /* BaseApp */;
			targetProxy = A38D819A210B09E8007559B8 /* PBXContainerItemProxy */;
		};
		A38D81A6210B09E8007559B8 /* PBXTargetDependency */ = {
			isa = PBXTargetDependency;
			target = A38D8184210B09E2007559B8 /* BaseApp */;
			targetProxy = A38D81A5210B09E8007559B8 /* PBXContainerItemProxy */;
		};
/* End PBXTargetDependency section */

/* Begin PBXVariantGroup section */
		A38D818C210B09E2007559B8 /* Main.storyboard */ = {
			isa = PBXVariantGroup;
			children = (
				A38D818D210B09E2007559B8 /* Base */,
			);
			name = Main.storyboard;
			sourceTree = "<group>";
		};
		A38D8191210B09E8007559B8 /* LaunchScreen.storyboard */ = {
			isa = PBXVariantGroup;
			children = (
				A38D8192210B09E8007559B8 /* Base */,
			);
			name = LaunchScreen.storyboard;
			sourceTree = "<group>";
		};
/* End PBXVariantGroup section */

/* Begin XCBuildConfiguration section */
		A38D81AB210B09E8007559B8 /* Debug */ = {
			isa = XCBuildConfiguration;
			buildSettings = {
				ALWAYS_SEARCH_USER_PATHS = NO;
				CLANG_ANALYZER_NONNULL = YES;
				CLANG_ANALYZER_NUMBER_OBJECT_CONVERSION = YES_AGGRESSIVE;
				CLANG_CXX_LANGUAGE_STANDARD = "gnu++14";
				CLANG_CXX_LIBRARY = "libc++";
				CLANG_ENABLE_MODULES = YES;
				CLANG_ENABLE_OBJC_ARC = YES;
				CLANG_ENABLE_OBJC_WEAK = YES;
				CLANG_WARN_BLOCK_CAPTURE_AUTORELEASING = YES;
				CLANG_WARN_BOOL_CONVERSION = YES;
				CLANG_WARN_COMMA = YES;
				CLANG_WARN_CONSTANT_CONVERSION = YES;
				CLANG_WARN_DEPRECATED_OBJC_IMPLEMENTATIONS = YES;
				CLANG_WARN_DIRECT_OBJC_ISA_USAGE = YES_ERROR;
				CLANG_WARN_DOCUMENTATION_COMMENTS = YES;
				CLANG_WARN_EMPTY_BODY = YES;
				CLANG_WARN_ENUM_CONVERSION = YES;
				CLANG_WARN_INFINITE_RECURSION = YES;
				CLANG_WARN_INT_CONVERSION = YES;
				CLANG_WARN_NON_LITERAL_NULL_CONVERSION = YES;
				CLANG_WARN_OBJC_IMPLICIT_RETAIN_SELF = YES;
				CLANG_WARN_OBJC_LITERAL_CONVERSION = YES;
				CLANG_WARN_OBJC_ROOT_CLASS = YES_ERROR;
				CLANG_WARN_RANGE_LOOP_ANALYSIS = YES;
				CLANG_WARN_STRICT_PROTOTYPES = YES;
				CLANG_WARN_SUSPICIOUS_MOVE = YES;
				CLANG_WARN_UNGUARDED_AVAILABILITY = YES_AGGRESSIVE;
				CLANG_WARN_UNREACHABLE_CODE = YES;
				CLANG_WARN__DUPLICATE_METHOD_MATCH = YES;
				CODE_SIGN_IDENTITY = "iPhone Developer";
				COPY_PHASE_STRIP = NO;
				DEBUG_INFORMATION_FORMAT = dwarf;
				ENABLE_STRICT_OBJC_MSGSEND = YES;
				ENABLE_TESTABILITY = YES;
				GCC_C_LANGUAGE_STANDARD = gnu11;
				GCC_DYNAMIC_NO_PIC = NO;
				GCC_NO_COMMON_BLOCKS = YES;
				GCC_OPTIMIZATION_LEVEL = 0;
				GCC_PREPROCESSOR_DEFINITIONS = (
					"DEBUG=1",
					"$(inherited)",
				);
				GCC_WARN_64_TO_32_BIT_CONVERSION = YES;
				GCC_WARN_ABOUT_RETURN_TYPE = YES_ERROR;
				GCC_WARN_UNDECLARED_SELECTOR = YES;
				GCC_WARN_UNINITIALIZED_AUTOS = YES_AGGRESSIVE;
				GCC_WARN_UNUSED_FUNCTION = YES;
				GCC_WARN_UNUSED_VARIABLE = YES;
				IPHONEOS_DEPLOYMENT_TARGET = 12.0;
				MTL_ENABLE_DEBUG_INFO = INCLUDE_SOURCE;
				ONLY_ACTIVE_ARCH = YES;
				SDKROOT = iphoneos;
				SWIFT_ACTIVE_COMPILATION_CONDITIONS = DEBUG;
				SWIFT_OPTIMIZATION_LEVEL = "-Onone";
			};
			name = Debug;
		};
		A38D81AC210B09E8007559B8 /* Release */ = {
			isa = XCBuildConfiguration;
			buildSettings = {
				ALWAYS_SEARCH_USER_PATHS = NO;
				CLANG_ANALYZER_NONNULL = YES;
				CLANG_ANALYZER_NUMBER_OBJECT_CONVERSION = YES_AGGRESSIVE;
				CLANG_CXX_LANGUAGE_STANDARD = "gnu++14";
				CLANG_CXX_LIBRARY = "libc++";
				CLANG_ENABLE_MODULES = YES;
				CLANG_ENABLE_OBJC_ARC = YES;
				CLANG_ENABLE_OBJC_WEAK = YES;
				CLANG_WARN_BLOCK_CAPTURE_AUTORELEASING = YES;
				CLANG_WARN_BOOL_CONVERSION = YES;
				CLANG_WARN_COMMA = YES;
				CLANG_WARN_CONSTANT_CONVERSION = YES;
				CLANG_WARN_DEPRECATED_OBJC_IMPLEMENTATIONS = YES;
				CLANG_WARN_DIRECT_OBJC_ISA_USAGE = YES_ERROR;
				CLANG_WARN_DOCUMENTATION_COMMENTS = YES;
				CLANG_WARN_EMPTY_BODY = YES;
				CLANG_WARN_ENUM_CONVERSION = YES;
				CLANG_WARN_INFINITE_RECURSION = YES;
				CLANG_WARN_INT_CONVERSION = YES;
				CLANG_WARN_NON_LITERAL_NULL_CONVERSION = YES;
				CLANG_WARN_OBJC_IMPLICIT_RETAIN_SELF = YES;
				CLANG_WARN_OBJC_LITERAL_CONVERSION = YES;
				CLANG_WARN_OBJC_ROOT_CLASS = YES_ERROR;
				CLANG_WARN_RANGE_LOOP_ANALYSIS = YES;
				CLANG_WARN_STRICT_PROTOTYPES = YES;
				CLANG_WARN_SUSPICIOUS_MOVE = YES;
				CLANG_WARN_UNGUARDED_AVAILABILITY = YES_AGGRESSIVE;
				CLANG_WARN_UNREACHABLE_CODE = YES;
				CLANG_WARN__DUPLICATE_METHOD_MATCH = YES;
				CODE_SIGN_IDENTITY = "iPhone Developer";
				COPY_PHASE_STRIP = NO;
				DEBUG_INFORMATION_FORMAT = "dwarf-with-dsym";
				ENABLE_NS_ASSERTIONS = NO;
				ENABLE_STRICT_OBJC_MSGSEND = YES;
				GCC_C_LANGUAGE_STANDARD = gnu11;
				GCC_NO_COMMON_BLOCKS = YES;
				GCC_WARN_64_TO_32_BIT_CONVERSION = YES;
				GCC_WARN_ABOUT_RETURN_TYPE = YES_ERROR;
				GCC_WARN_UNDECLARED_SELECTOR = YES;
				GCC_WARN_UNINITIALIZED_AUTOS = YES_AGGRESSIVE;
				GCC_WARN_UNUSED_FUNCTION = YES;
				GCC_WARN_UNUSED_VARIABLE = YES;
				IPHONEOS_DEPLOYMENT_TARGET = 12.0;
				MTL_ENABLE_DEBUG_INFO = NO;
				SDKROOT = iphoneos;
				SWIFT_COMPILATION_MODE = wholemodule;
				SWIFT_OPTIMIZATION_LEVEL = "-O";
				VALIDATE_PRODUCT = YES;
			};
			name = Release;
		};
		A38D81AE210B09E8007559B8 /* Debug */ = {
			isa = XCBuildConfiguration;
			buildSettings = {
				ASSETCATALOG_COMPILER_APPICON_NAME = AppIcon;
				CODE_SIGN_STYLE = Automatic;
				DEVELOPMENT_TEAM = Y8D6X5Q6UC;
				INFOPLIST_FILE = BaseApp/Info.plist;
				LD_RUNPATH_SEARCH_PATHS = (
					"$(inherited)",
					"@executable_path/Frameworks",
				);
				PRODUCT_BUNDLE_IDENTIFIER = tobrb.BaseApp;
				PRODUCT_NAME = "$(TARGET_NAME)";
				SWIFT_VERSION = 4.2;
				TARGETED_DEVICE_FAMILY = "1,2";
			};
			name = Debug;
		};
		A38D81AF210B09E8007559B8 /* Release */ = {
			isa = XCBuildConfiguration;
			buildSettings = {
				ASSETCATALOG_COMPILER_APPICON_NAME = AppIcon;
				CODE_SIGN_STYLE = Automatic;
				DEVELOPMENT_TEAM = Y8D6X5Q6UC;
				INFOPLIST_FILE = BaseApp/Info.plist;
				LD_RUNPATH_SEARCH_PATHS = (
					"$(inherited)",
					"@executable_path/Frameworks",
				);
				PRODUCT_BUNDLE_IDENTIFIER = tobrb.BaseApp;
				PRODUCT_NAME = "$(TARGET_NAME)";
				SWIFT_VERSION = 4.2;
				TARGETED_DEVICE_FAMILY = "1,2";
			};
			name = Release;
		};
		A38D81B1210B09E8007559B8 /* Debug */ = {
			isa = XCBuildConfiguration;
			buildSettings = {
				ALWAYS_EMBED_SWIFT_STANDARD_LIBRARIES = YES;
				BUNDLE_LOADER = "$(TEST_HOST)";
				CODE_SIGN_STYLE = Automatic;
				DEVELOPMENT_TEAM = Y8D6X5Q6UC;
				INFOPLIST_FILE = BaseAppTests/Info.plist;
				LD_RUNPATH_SEARCH_PATHS = (
					"$(inherited)",
					"@executable_path/Frameworks",
					"@loader_path/Frameworks",
				);
				PRODUCT_BUNDLE_IDENTIFIER = tobrb.BaseAppTests;
				PRODUCT_NAME = "$(TARGET_NAME)";
				SWIFT_VERSION = 4.2;
				TARGETED_DEVICE_FAMILY = "1,2";
				TEST_HOST = "$(BUILT_PRODUCTS_DIR)/BaseApp.app/BaseApp";
			};
			name = Debug;
		};
		A38D81B2210B09E8007559B8 /* Release */ = {
			isa = XCBuildConfiguration;
			buildSettings = {
				ALWAYS_EMBED_SWIFT_STANDARD_LIBRARIES = YES;
				BUNDLE_LOADER = "$(TEST_HOST)";
				CODE_SIGN_STYLE = Automatic;
				DEVELOPMENT_TEAM = Y8D6X5Q6UC;
				INFOPLIST_FILE = BaseAppTests/Info.plist;
				LD_RUNPATH_SEARCH_PATHS = (
					"$(inherited)",
					"@executable_path/Frameworks",
					"@loader_path/Frameworks",
				);
				PRODUCT_BUNDLE_IDENTIFIER = tobrb.BaseAppTests;
				PRODUCT_NAME = "$(TARGET_NAME)";
				SWIFT_VERSION = 4.2;
				TARGETED_DEVICE_FAMILY = "1,2";
				TEST_HOST = "$(BUILT_PRODUCTS_DIR)/BaseApp.app/BaseApp";
			};
			name = Release;
		};
		A38D81B4210B09E8007559B8 /* Debug */ = {
			isa = XCBuildConfiguration;
			buildSettings = {
				ALWAYS_EMBED_SWIFT_STANDARD_LIBRARIES = YES;
				CODE_SIGN_STYLE = Automatic;
				DEVELOPMENT_TEAM = Y8D6X5Q6UC;
				INFOPLIST_FILE = BaseAppUITests/Info.plist;
				LD_RUNPATH_SEARCH_PATHS = (
					"$(inherited)",
					"@executable_path/Frameworks",
					"@loader_path/Frameworks",
				);
				PRODUCT_BUNDLE_IDENTIFIER = tobrb.BaseAppUITests;
				PRODUCT_NAME = "$(TARGET_NAME)";
				SWIFT_VERSION = 4.2;
				TARGETED_DEVICE_FAMILY = "1,2";
				TEST_TARGET_NAME = BaseApp;
			};
			name = Debug;
		};
		A38D81B5210B09E8007559B8 /* Release */ = {
			isa = XCBuildConfiguration;
			buildSettings = {
				ALWAYS_EMBED_SWIFT_STANDARD_LIBRARIES = YES;
				CODE_SIGN_STYLE = Automatic;
				DEVELOPMENT_TEAM = Y8D6X5Q6UC;
				INFOPLIST_FILE = BaseAppUITests/Info.plist;
				LD_RUNPATH_SEARCH_PATHS = (
					"$(inherited)",
					"@executable_path/Frameworks",
					"@loader_path/Frameworks",
				);
				PRODUCT_BUNDLE_IDENTIFIER = tobrb.BaseAppUITests;
				PRODUCT_NAME = "$(TARGET_NAME)";
				SWIFT_VERSION = 4.2;
				TARGETED_DEVICE_FAMILY = "1,2";
				TEST_TARGET_NAME = BaseApp;
			};
			name = Release;
		};
/* End XCBuildConfiguration section */

/* Begin XCConfigurationList section */
		A38D8180210B09E2007559B8 /* Build configuration list for PBXProject "BaseApp" */ = {
			isa = XCConfigurationList;
			buildConfigurations = (
				A38D81AB210B09E8007559B8 /* Debug */,
				A38D81AC210B09E8007559B8 /* Release */,
			);
			defaultConfigurationIsVisible = 0;
			defaultConfigurationName = Release;
		};
		A38D81AD210B09E8007559B8 /* Build configuration list for PBXNativeTarget "BaseApp" */ = {
			isa = XCConfigurationList;
			buildConfigurations = (
				A38D81AE210B09E8007559B8 /* Debug */,
				A38D81AF210B09E8007559B8 /* Release */,
			);
			defaultConfigurationIsVisible = 0;
			defaultConfigurationName = Release;
		};
		A38D81B0210B09E8007559B8 /* Build configuration list for PBXNativeTarget "BaseAppTests" */ = {
			isa = XCConfigurationList;
			buildConfigurations = (
				A38D81B1210B09E8007559B8 /* Debug */,
				A38D81B2210B09E8007559B8 /* Release */,
			);
			defaultConfigurationIsVisible = 0;
			defaultConfigurationName = Release;
		};
		A38D81B3210B09E8007559B8 /* Build configuration list for PBXNativeTarget "BaseAppUITests" */ = {
			isa = XCConfigurationList;
			buildConfigurations = (
				A38D81B4210B09E8007559B8 /* Debug */,
				A38D81B5210B09E8007559B8 /* Release */,
			);
			defaultConfigurationIsVisible = 0;
			defaultConfigurationName = Release;
		};
/* End XCConfigurationList section */
	};
	rootObject = A38D817D210B09E2007559B8 /* Project object */;
}
